
Microsoft Visual Studio Solution File, Format Version 12.00
Project("{FAE04EC0-301F-11D3-BF4B-00C04F79EFBC}") = "HelloBlazorServerApp", "HelloBlazorServerApp\HelloBlazorServerApp.csproj", "{F5D05EF9-2CF4-4F80-8833-D8B2C9AE0CF9}"
EndProject
Project("{FAE04EC0-301F-11D3-BF4B-00C04F79EFBC}") = "HelloBlazorWebAssemblyApp", "HelloBlazorWebAssemblyApp\HelloBlazorWebAssemblyApp.csproj", "{AC4881E6-FFA2-4E40-B6F3-B938183A5EB2}"
EndProject
Global
	GlobalSection(SolutionConfigurationPlatforms) = preSolution
		Debug|Any CPU = Debug|Any CPU
		Release|Any CPU = Release|Any CPU
	EndGlobalSection
	GlobalSection(ProjectConfigurationPlatforms) = postSolution
		{F5D05EF9-2CF4-4F80-8833-D8B2C9AE0CF9}.Debug|Any CPU.ActiveCfg = Debug|Any CPU
		{F5D05EF9-2CF4-4F80-8833-D8B2C9AE0CF9}.Debug|Any CPU.Build.0 = Debug|Any CPU
		{F5D05EF9-2CF4-4F80-8833-D8B2C9AE0CF9}.Release|Any CPU.ActiveCfg = Release|Any CPU
		{F5D05EF9-2CF4-4F80-8833-D8B2C9AE0CF9}.Release|Any CPU.Build.0 = Release|Any CPU
		{AC4881E6-FFA2-4E40-B6F3-B938183A5EB2}.Debug|Any CPU.ActiveCfg = Debug|Any CPU
		{AC4881E6-FFA2-4E40-B6F3-B938183A5EB2}.Debug|Any CPU.Build.0 = Debug|Any CPU
		{AC4881E6-FFA2-4E40-B6F3-B938183A5EB2}.Release|Any CPU.ActiveCfg = Release|Any CPU
		{AC4881E6-FFA2-4E40-B6F3-B938183A5EB2}.Release|Any CPU.Build.0 = Release|Any CPU
	EndGlobalSection
EndGlobal
